
Microsoft Visual Studio Solution File, Format Version 12.00
Project("{F2A71F9B-5D33-465A-A702-920D77279786}") = "FizzBuzz.Guerilla", "FizzBuzz.Guerilla\FizzBuzz.Guerilla.fsproj", "{9E967C5B-F5A7-4E57-A41E-2D4D93B7461A}"
EndProject
Global
	GlobalSection(SolutionConfigurationPlatforms) = preSolution
		Debug|Any CPU = Debug|Any CPU
		Release|Any CPU = Release|Any CPU
	EndGlobalSection
	GlobalSection(ProjectConfigurationPlatforms) = postSolution
		{9E967C5B-F5A7-4E57-A41E-2D4D93B7461A}.Debug|Any CPU.ActiveCfg = Debug|Any CPU
		{9E967C5B-F5A7-4E57-A41E-2D4D93B7461A}.Debug|Any CPU.Build.0 = Debug|Any CPU
		{9E967C5B-F5A7-4E57-A41E-2D4D93B7461A}.Release|Any CPU.ActiveCfg = Release|Any CPU
		{9E967C5B-F5A7-4E57-A41E-2D4D93B7461A}.Release|Any CPU.Build.0 = Release|Any CPU
	EndGlobalSection
EndGlobal
